
Microsoft Visual Studio Solution File, Format Version 11.00
# Visual Studio 2010
Project("{FAE04EC0-301F-11D3-BF4B-00C04F79EFBC}") = "Assembly-CSharp", "Assembly-CSharp.csproj", "{2aa8da97-1614-5a71-bc07-729f1ec78079}"
EndProject
Project("{FAE04EC0-301F-11D3-BF4B-00C04F79EFBC}") = "Assembly-CSharp-Editor", "Assembly-CSharp-Editor.csproj", "{f1694901-0cab-3df3-98ee-9f376068769f}"
EndProject
Global
	GlobalSection(SolutionConfigurationPlatforms) = preSolution
		Debug|Any CPU = Debug|Any CPU
	EndGlobalSection
	GlobalSection(ProjectConfigurationPlatforms) = postSolution
		{2aa8da97-1614-5a71-bc07-729f1ec78079}.Debug|Any CPU.ActiveCfg = Debug|Any CPU
		{2aa8da97-1614-5a71-bc07-729f1ec78079}.Debug|Any CPU.Build.0 = Debug|Any CPU
		{f1694901-0cab-3df3-98ee-9f376068769f}.Debug|Any CPU.ActiveCfg = Debug|Any CPU
		{f1694901-0cab-3df3-98ee-9f376068769f}.Debug|Any CPU.Build.0 = Debug|Any CPU
	EndGlobalSection
	GlobalSection(SolutionProperties) = preSolution
		HideSolutionNode = FALSE
	EndGlobalSection
EndGlobal
